
Microsoft Visual Studio Solution File, Format Version 12.00
# Visual Studio Version 16
VisualStudioVersion = 16.0.32602.290
MinimumVisualStudioVersion = 10.0.40219.1
Project("{FAE04EC0-301F-11D3-BF4B-00C04F79EFBC}") = "Tema2-FormatoTexto", "Tema2-FormatoTexto\Tema2-FormatoTexto.csproj", "{8F95ED3A-05F3-402F-8771-38E66D35BF4C}"
EndProject
Global
	GlobalSection(SolutionConfigurationPlatforms) = preSolution
		Debug|Any CPU = Debug|Any CPU
		Release|Any CPU = Release|Any CPU
	EndGlobalSection
	GlobalSection(ProjectConfigurationPlatforms) = postSolution
		{8F95ED3A-05F3-402F-8771-38E66D35BF4C}.Debug|Any CPU.ActiveCfg = Debug|Any CPU
		{8F95ED3A-05F3-402F-8771-38E66D35BF4C}.Debug|Any CPU.Build.0 = Debug|Any CPU
		{8F95ED3A-05F3-402F-8771-38E66D35BF4C}.Release|Any CPU.ActiveCfg = Release|Any CPU
		{8F95ED3A-05F3-402F-8771-38E66D35BF4C}.Release|Any CPU.Build.0 = Release|Any CPU
	EndGlobalSection
	GlobalSection(SolutionProperties) = preSolution
		HideSolutionNode = FALSE
	EndGlobalSection
	GlobalSection(ExtensibilityGlobals) = postSolution
		SolutionGuid = {47B63ED4-412F-44B6-8F79-4399748F2635}
	EndGlobalSection
EndGlobal
